
Microsoft Visual Studio Solution File, Format Version 9.00
# Visual Studio 2005
Project("{FAE04EC0-301F-11D3-BF4B-00C04F79EFBC}") = "CarCtrl", "CarCtrl\CarCtrl.csproj", "{858E98F7-7C3C-43D5-986B-E86317BA00FD}"
EndProject
Global
	GlobalSection(SolutionConfigurationPlatforms) = preSolution
		Debug|Any CPU = Debug|Any CPU
		Release|Any CPU = Release|Any CPU
	EndGlobalSection
	GlobalSection(ProjectConfigurationPlatforms) = postSolution
		{858E98F7-7C3C-43D5-986B-E86317BA00FD}.Debug|Any CPU.ActiveCfg = Debug|Any CPU
		{858E98F7-7C3C-43D5-986B-E86317BA00FD}.Debug|Any CPU.Build.0 = Debug|Any CPU
		{858E98F7-7C3C-43D5-986B-E86317BA00FD}.Release|Any CPU.ActiveCfg = Release|Any CPU
		{858E98F7-7C3C-43D5-986B-E86317BA00FD}.Release|Any CPU.Build.0 = Release|Any CPU
	EndGlobalSection
	GlobalSection(SolutionProperties) = preSolution
		HideSolutionNode = FALSE
	EndGlobalSection
EndGlobal
